
Microsoft Visual Studio Solution File, Format Version 12.00
# Visual Studio Version 16
VisualStudioVersion = 16.0.29326.143
MinimumVisualStudioVersion = 10.0.40219.1
Project("{FAE04EC0-301F-11D3-BF4B-00C04F79EFBC}") = "SimpleBoilerplateApi", "SimpleBoilerplateApi\SimpleBoilerplateApi.csproj", "{2D82E3B4-C117-45E2-897F-89032CAC7FB4}"
EndProject
Project("{FAE04EC0-301F-11D3-BF4B-00C04F79EFBC}") = "Contracts", "Contracts\Contracts.csproj", "{AA4855E7-7BB9-4637-BEF5-8996E3222A94}"
EndProject
Project("{FAE04EC0-301F-11D3-BF4B-00C04F79EFBC}") = "LoggerService", "LoggerService\LoggerService.csproj", "{DE6CD482-646E-42F0-8474-513FFC49DC6B}"
EndProject
Project("{FAE04EC0-301F-11D3-BF4B-00C04F79EFBC}") = "Entities", "Entities\Entities.csproj", "{7CC9B2EC-B728-4031-A7D2-1124AFEB030B}"
EndProject
Project("{FAE04EC0-301F-11D3-BF4B-00C04F79EFBC}") = "Repository", "Repository\Repository.csproj", "{4F5A819D-404F-40F8-8672-74E45B005950}"
EndProject
Global
	GlobalSection(SolutionConfigurationPlatforms) = preSolution
		Debug|Any CPU = Debug|Any CPU
		Release|Any CPU = Release|Any CPU
	EndGlobalSection
	GlobalSection(ProjectConfigurationPlatforms) = postSolution
		{2D82E3B4-C117-45E2-897F-89032CAC7FB4}.Debug|Any CPU.ActiveCfg = Debug|Any CPU
		{2D82E3B4-C117-45E2-897F-89032CAC7FB4}.Debug|Any CPU.Build.0 = Debug|Any CPU
		{2D82E3B4-C117-45E2-897F-89032CAC7FB4}.Release|Any CPU.ActiveCfg = Release|Any CPU
		{2D82E3B4-C117-45E2-897F-89032CAC7FB4}.Release|Any CPU.Build.0 = Release|Any CPU
		{AA4855E7-7BB9-4637-BEF5-8996E3222A94}.Debug|Any CPU.ActiveCfg = Debug|Any CPU
		{AA4855E7-7BB9-4637-BEF5-8996E3222A94}.Debug|Any CPU.Build.0 = Debug|Any CPU
		{AA4855E7-7BB9-4637-BEF5-8996E3222A94}.Release|Any CPU.ActiveCfg = Release|Any CPU
		{AA4855E7-7BB9-4637-BEF5-8996E3222A94}.Release|Any CPU.Build.0 = Release|Any CPU
		{DE6CD482-646E-42F0-8474-513FFC49DC6B}.Debug|Any CPU.ActiveCfg = Debug|Any CPU
		{DE6CD482-646E-42F0-8474-513FFC49DC6B}.Debug|Any CPU.Build.0 = Debug|Any CPU
		{DE6CD482-646E-42F0-8474-513FFC49DC6B}.Release|Any CPU.ActiveCfg = Release|Any CPU
		{DE6CD482-646E-42F0-8474-513FFC49DC6B}.Release|Any CPU.Build.0 = Release|Any CPU
		{7CC9B2EC-B728-4031-A7D2-1124AFEB030B}.Debug|Any CPU.ActiveCfg = Debug|Any CPU
		{7CC9B2EC-B728-4031-A7D2-1124AFEB030B}.Debug|Any CPU.Build.0 = Debug|Any CPU
		{7CC9B2EC-B728-4031-A7D2-1124AFEB030B}.Release|Any CPU.ActiveCfg = Release|Any CPU
		{7CC9B2EC-B728-4031-A7D2-1124AFEB030B}.Release|Any CPU.Build.0 = Release|Any CPU
		{4F5A819D-404F-40F8-8672-74E45B005950}.Debug|Any CPU.ActiveCfg = Debug|Any CPU
		{4F5A819D-404F-40F8-8672-74E45B005950}.Debug|Any CPU.Build.0 = Debug|Any CPU
		{4F5A819D-404F-40F8-8672-74E45B005950}.Release|Any CPU.ActiveCfg = Release|Any CPU
		{4F5A819D-404F-40F8-8672-74E45B005950}.Release|Any CPU.Build.0 = Release|Any CPU
	EndGlobalSection
	GlobalSection(SolutionProperties) = preSolution
		HideSolutionNode = FALSE
	EndGlobalSection
	GlobalSection(ExtensibilityGlobals) = postSolution
		SolutionGuid = {786E32A7-A7A7-4C82-B830-C9C209F94691}
	EndGlobalSection
EndGlobal
